{
  "version": 4,
  "terraform_version": "1.5.2",
  "serial": 14,
  "lineage": "f3ca16e9-fa91-edf8-f3c1-6c94cb260140",
  "outputs": {},
  "resources": [
    {
      "mode": "managed",
      "type": "kubernetes_config_map",
      "name": "main",
      "provider": "provider[\"registry.terraform.io/hashicorp/kubernetes\"]",
      "instances": [
        {
          "schema_version": 0,
          "attributes": {
            "binary_data": {},
            "data": {
              "index.html": "\u003c!DOCTYPE html\u003e\n\u003chtml lang=\"en\"\u003e\n\n\u003chead\u003e\n    \u003cmeta charset=\"UTF-8\" /\u003e\n    \u003ctitle\u003eharrison.ai\u003c/title\u003e\n    \u003cmeta name=\"viewport\" content=\"width=device-width,initial-scale=1\" /\u003e\n    \u003cmeta name=\"description\" content=\"\" /\u003e\n\n    \u003cstyle\u003e\n        body {\n            font-family: sans-serif;\n        }\n\n        .header {\n            display: flex;\n            flex-direction: row;\n            justify-content: center;\n            align-items: center;\n        }\n\n        .logo {\n            width: 10rem;\n            height: auto;\n        }\n    \u003c/style\u003e\n\u003c/head\u003e\n\n\u003cbody\u003e\n    \u003cdiv class=\"header\"\u003e\n        \u003cdiv class=\"logo\"\u003e\n            \u003csvg version=\"1.1\" id=\"Layer_1\" xmlns=\"http://www.w3.org/2000/svg\"\n                xmlns:xlink=\"http://www.w3.org/1999/xlink\" x=\"0px\" y=\"0px\" viewBox=\"0 0 374.4 337.6\"\n                style=\"enable-background:new 0 0 374.4 337.6;\" xml:space=\"preserve\"\u003e\n                \u003cstyle type=\"text/css\"\u003e\n                    .st0 {\n                        fill: #1402A1;\n                    }\n                \u003c/style\u003e\n                \u003cpath class=\"st0\" d=\"M196.2,266c1.4,1.4,2.1,3.3,2.1,5.6c0,1.8-0.5,3.5-1.6,5c-1.1,1.5-2.5,2.6-4.4,3.5c-1.9,0.8-4.1,1.3-6.6,1.3\n\tc-3.2,0-6-0.7-8.2-2.1c-1.9-1.3-3.4-3.3-4-5.7c-0.1-0.4,0-0.7,0.1-1c0.2-0.3,0.5-0.5,0.8-0.6l2.6,0c0.9,0,1.4,0.3,1.6,0.9\n\tc0.5,1.2,1.2,2.1,2.1,2.7c1.2,0.8,2.8,1.3,4.8,1.3c2.2,0,4.1-0.5,5.4-1.4c1.3-0.9,2-2.1,2-3.4c0-1.1-0.4-2-1.1-2.7\n\tc-0.8-0.7-1.9-1.3-3.5-1.7l-5.3-1.2c-2.9-0.7-5.1-1.8-6.5-3.3c-1.4-1.5-2.1-3.4-2.1-5.6c0-1.8,0.5-3.5,1.6-4.9\n\tc1-1.4,2.4-2.5,4.2-3.3c1.8-0.8,3.8-1.2,6.1-1.2c2.9,0,5.5,0.7,7.4,2.1c2.1,1.5,3.3,3.6,3.8,5.1c0.1,0.4,0.2,1-0.1,1.4\n\tc-0.1,0.2-0.4,0.4-1,0.4h-2c-0.5,0-1.3-0.1-1.8-1.1c-0.3-0.5-1-1.8-2.8-2.8c-0.8-0.4-2.1-0.6-3.5-0.6c-2,0-3.5,0.4-4.8,1.3\n\tc-1.3,0.9-1.9,2-1.9,3.3c0,1.2,0.4,2.1,1.3,2.8c0.9,0.7,2.3,1.3,4.1,1.7l4.7,1.2C192.6,263.5,194.8,264.6,196.2,266z M156,248h-0.3\n\tc-2.6,0-4.9,0.5-6.4,1.5c-1.5,1-2.5,2.3-3.1,3.2v-2.7c0-0.8-0.6-1.4-1.4-1.4h-2.4c-0.8,0-1.4,0.6-1.4,1.4v29.4\n\tc0,0.8,0.6,1.4,1.4,1.4h2.4c0.8,0,1.4-0.6,1.4-1.4l0-18c0-1.9,0.4-3.6,1-4.8c0.7-1.3,1.6-2.3,2.8-2.9c1.2-0.7,2.6-1,4.1-1h1.7\n\tc0.7,0,1.2-0.6,1.2-1.2v-2.1C157.3,248.6,156.7,248,156,248z M164.6,237.4c-1,0-1.8,0.3-2.5,1c-0.7,0.7-1.1,1.5-1.1,2.4\n\tc0,0.9,0.4,1.8,1.1,2.4c0.7,0.7,1.6,1,2.5,1c1,0,1.8-0.3,2.6-1c0.7-0.7,1.1-1.5,1.1-2.4c0-0.9-0.4-1.8-1.1-2.4\n\tC166.5,237.7,165.6,237.4,164.6,237.4z M165.8,248.5h-2.4c-0.8,0-1.4,0.6-1.4,1.4v29.4c0,0.8,0.6,1.4,1.4,1.4h2.4\n\tc0.8,0,1.4-0.6,1.4-1.4v-29.4C167.2,249.2,166.6,248.5,165.8,248.5z M76.6,249.3c-1.6-0.9-3.6-1.3-5.7-1.3c-2.6,0-4.9,0.5-6.4,1.5\n\tc-1.5,1-2.5,2.3-3.1,3.2v-13.4c0-0.8-0.6-1.4-1.4-1.4h-2.4c-0.8,0-1.4,0.6-1.4,1.4v40c0,0.8,0.6,1.4,1.4,1.4H60\n\tc0.8,0,1.4-0.6,1.4-1.4l0-18c0-1.9,0.4-3.6,1-4.8c0.7-1.3,1.6-2.3,2.8-2.9c1.2-0.7,2.6-1,4.1-1c2.2,0,4,0.7,5.3,2.1\n\tc1.3,1.4,1.9,3.3,1.9,5.8l0,18.9c0,0.8,0.6,1.4,1.4,1.4h2.4c0.8,0,1.4-0.6,1.4-1.4v-19.1c0-2.7-0.5-5-1.4-6.8\n\tC79.5,251.6,78.2,250.2,76.6,249.3z M135.1,248h-0.3c-2.6,0-4.9,0.5-6.4,1.5c-1.5,1-2.5,2.3-3.1,3.2v-2.7c0-0.8-0.6-1.4-1.4-1.4\n\th-2.4c-0.8,0-1.4,0.6-1.4,1.4v29.4c0,0.8,0.6,1.4,1.4,1.4h2.4c0.8,0,1.4-0.6,1.4-1.4l0-18c0-1.9,0.4-3.6,1-4.8\n\tc0.7-1.3,1.6-2.3,2.8-2.9c1.2-0.7,2.6-1,4.1-1h1.7c0.7,0,1.2-0.6,1.2-1.2v-2.1C136.4,248.6,135.8,248,135.1,248z M108.4,249.9\n\tc-1.3-0.8-2.6-1.3-3.9-1.5c-1.3-0.2-2.5-0.4-3.6-0.4c-1.6,0-3.3,0.2-4.9,0.7c-1.7,0.4-3.2,1.2-4.6,2.3c-0.8,0.6-2.2,1.9-3.1,4.1\n\tc-0.2,0.5-0.2,1.1,0.1,1.5c0.2,0.3,0.5,0.4,0.8,0.4h2.6c0.6,0,1.2,0,1.6-0.6c0.5-0.8,1.2-1.5,2.3-2.3c1.3-1,3.1-1.5,5.4-1.5\n\tc2.2,0,3.9,0.6,5,1.7c1.1,1.1,1.6,2.7,1.6,4.7v9.3c0,5.2-3,6.9-4,7.5c-1.3,0.7-2.9,1.1-4.9,1.1c-1.7,0-3.4-0.1-4.8-1\n\tc-1.4-1-2.1-2.8-1.8-4.6c0.4-2.3,2.7-3.3,3.6-3.7c2.3-0.8,4.6-1.3,7.3-1.4c0.7,0,1.3-0.6,1.3-1.4V263c0-0.8-0.6-1.4-1.5-1.4h0\n\tc-3.3,0.1-8,0.7-11.7,2.9c-2.1,1.2-3.5,3.1-4,5.4c-0.5,2.3-0.1,4.8,1.3,6.8c1,1.5,2.3,2.6,4,3.4c1.7,0.8,3.5,1.2,5.7,1.2\n\tc6.5,0,8.6-3.3,9.4-4.7v2.7c0,0.8,0.6,1.4,1.4,1.4h2.4c0.8,0,1.4-0.6,1.4-1.4v-19.9c0-2.5-0.4-4.5-1.3-6.1\n\tC110.7,251.8,109.7,250.6,108.4,249.9z M270.8,274.4c-1,0-1.8,0.3-2.5,1c-0.7,0.7-1.1,1.5-1.1,2.4c0,0.9,0.4,1.8,1.1,2.4\n\tc0.7,0.7,1.6,1,2.5,1c1,0,1.8-0.3,2.6-1c0.7-0.7,1.1-1.5,1.1-2.4c0-0.9-0.4-1.8-1.1-2.4C272.6,274.7,271.7,274.4,270.8,274.4z\n\t M300.2,249.9c-1.3-0.8-2.6-1.3-3.9-1.5c-1.3-0.2-2.5-0.4-3.6-0.4c-1.6,0-3.3,0.2-4.9,0.7c-1.7,0.4-3.2,1.2-4.6,2.3\n\tc-0.8,0.6-2.2,1.9-3.1,4.1c-0.2,0.5-0.2,1.1,0.1,1.5c0.2,0.3,0.5,0.4,0.8,0.4h2.6c0.6,0,1.2,0,1.6-0.6c0.5-0.8,1.2-1.5,2.3-2.3\n\tc1.3-1,3.1-1.5,5.4-1.5c2.2,0,3.9,0.6,5,1.7s1.6,2.7,1.6,4.7v9.3c0,5.2-3,6.9-4,7.5c-1.3,0.7-2.9,1.1-4.9,1.1c-1.7,0-3.4-0.1-4.8-1\n\tc-1.4-1-2.1-2.8-1.8-4.6c0.4-2.3,2.7-3.3,3.6-3.7c2.3-0.8,4.6-1.3,7.3-1.4c0.7,0,1.3-0.6,1.3-1.4V263c0-0.8-0.6-1.4-1.5-1.4h0\n\tc-3.3,0.1-8,0.7-11.8,2.9c-2.1,1.2-3.5,3.1-4,5.4c-0.5,2.3-0.1,4.8,1.3,6.8c1,1.5,2.3,2.6,4,3.4c1.7,0.8,3.5,1.2,5.7,1.2\n\tc6.5,0,8.6-3.3,9.4-4.7v2.7c0,0.8,0.6,1.4,1.4,1.4h2.4c0.8,0,1.4-0.6,1.4-1.4v-19.9c0-2.5-0.4-4.5-1.3-6.1\n\tC302.5,251.8,301.4,250.7,300.2,249.9z M314.5,244.3c1,0,1.8-0.3,2.6-1c0.7-0.7,1.1-1.5,1.1-2.4c0-0.9-0.4-1.8-1.1-2.4\n\tc-0.7-0.7-1.6-1-2.6-1c-1,0-1.8,0.3-2.5,1c-0.7,0.7-1.1,1.5-1.1,2.4c0,0.9,0.4,1.8,1.1,2.4C312.7,244,313.6,244.3,314.5,244.3z\n\t M230.2,255.9c1.2,2.5,1.8,5.4,1.8,8.7c0,3.3-0.6,6.2-1.8,8.7c-1.2,2.5-2.9,4.4-5.1,5.8c-2.2,1.4-4.7,2.1-7.6,2.1s-5.4-0.7-7.6-2.1\n\tc-2.2-1.4-3.9-3.3-5.1-5.8c-1.2-2.5-1.8-5.4-1.8-8.7c0-3.3,0.6-6.2,1.8-8.7c1.2-2.5,2.9-4.4,5.1-5.8c2.2-1.4,4.7-2.1,7.6-2.1\n\ts5.4,0.7,7.6,2.1C227.3,251.5,229,253.4,230.2,255.9z M227.1,264.6c0-2.1-0.3-4.1-1-5.9c-0.7-1.8-1.7-3.3-3.2-4.5\n\tc-1.4-1.1-3.2-1.7-5.4-1.7c-2.2,0-4,0.6-5.4,1.7c-1.4,1.1-2.5,2.6-3.2,4.5c-0.7,1.8-1,3.8-1,5.9c0,2.1,0.3,4.1,1,5.9\n\tc0.7,1.8,1.7,3.3,3.2,4.5c1.4,1.1,3.2,1.7,5.4,1.7c2.2,0,4-0.6,5.4-1.7c1.4-1.1,2.5-2.6,3.2-4.5\n\tC226.8,268.7,227.1,266.7,227.1,264.6z M315.7,248.6h-2.4c-0.8,0-1.4,0.6-1.4,1.4v29.4c0,0.8,0.6,1.4,1.4,1.4h2.4\n\tc0.8,0,1.4-0.6,1.4-1.4V250C317.1,249.2,316.5,248.6,315.7,248.6z M257.4,249.3c-1.6-0.9-3.6-1.3-5.7-1.3c-2.6,0-4.9,0.5-6.4,1.5\n\tc-1.5,1-2.5,2.3-3.1,3.2v-2.7c0-0.8-0.6-1.4-1.4-1.4h-2.4c-0.8,0-1.4,0.6-1.4,1.4v29.4c0,0.8,0.6,1.4,1.4,1.4h2.4\n\tc0.8,0,1.4-0.6,1.4-1.4l0-18c0-1.9,0.4-3.6,1-4.8c0.7-1.3,1.6-2.3,2.8-2.9c1.2-0.7,2.6-1,4.1-1c2.2,0,4,0.7,5.3,2.1\n\tc1.3,1.4,1.9,3.3,1.9,5.8l0,18.9c0,0.8,0.6,1.4,1.4,1.4h2.4c0.8,0,1.4-0.6,1.4-1.4v-19.1c0-2.7-0.5-5-1.4-6.8\n\tC260.3,251.6,259,250.2,257.4,249.3z M265.9,116.4c0,0.1,0.1,0.3,0.1,0.5v78c0,0.7-0.3,1.3-0.8,1.7l-26,19.5c0,0,0,0,0,0\n\tc-0.2,0.1-0.3,0.2-0.5,0.3c0,0-0.1,0-0.1,0c-0.2,0.1-0.4,0.1-0.6,0.1s-0.4,0-0.6-0.1c0,0-0.1,0-0.1,0c-0.2-0.1-0.4-0.2-0.5-0.3\n\tc0,0,0,0,0,0l-24.7-18.5l-24.7,18.5c0,0,0,0,0,0c-0.2,0.1-0.3,0.2-0.5,0.3c0,0-0.1,0-0.1,0c-0.2,0.1-0.4,0.1-0.6,0.1c0,0,0,0,0,0\n\tc-0.2,0-0.4,0-0.6-0.1c0,0-0.1,0-0.1,0c-0.2-0.1-0.4-0.2-0.5-0.3c0,0,0,0,0,0l-26-19.5c0,0-0.1-0.1-0.1-0.1\n\tc-0.1-0.1-0.1-0.1-0.2-0.2c0,0-0.1-0.1-0.1-0.2c0-0.1-0.1-0.1-0.1-0.2c0-0.1-0.1-0.1-0.1-0.2c0-0.1-0.1-0.1-0.1-0.2\n\tc0-0.1,0-0.1-0.1-0.2c0-0.1,0-0.1,0-0.2c0-0.1,0-0.1,0-0.2c0,0,0-0.1,0-0.1V160l-22.6,17c0,0,0,0,0,0c-0.2,0.1-0.3,0.2-0.5,0.3\n\tc0,0-0.1,0-0.1,0c-0.2,0.1-0.4,0.1-0.6,0.1s-0.4,0-0.6-0.1c0,0-0.1,0-0.1,0c-0.2-0.1-0.4-0.2-0.5-0.3c0,0,0,0,0,0l-26-19.5\n\tc-0.5-0.4-0.8-1-0.8-1.7v-39c0-0.2,0-0.3,0.1-0.5c0,0,0-0.1,0-0.1c0-0.1,0.1-0.2,0.1-0.3c0,0,0-0.1,0.1-0.1c0-0.1,0.1-0.2,0.2-0.2\n\tc0,0,0.1-0.1,0.1-0.1c0.1-0.1,0.1-0.1,0.2-0.2c0,0,0-0.1,0.1-0.1l78-58.5c0.7-0.6,1.8-0.6,2.5,0l26,19.5c0,0,0.1,0.1,0.1,0.1\n\tc0.1,0.1,0.2,0.1,0.2,0.2c0,0,0.1,0.1,0.1,0.1c0.1,0.1,0.1,0.2,0.2,0.2c0,0,0.1,0.1,0.1,0.1c0,0.1,0.1,0.2,0.1,0.3c0,0,0,0.1,0,0.1\n\tc0,0.1,0.1,0.3,0.1,0.5v34.8l22.6-17c0.7-0.6,1.8-0.6,2.5,0l26,19.5c0,0,0,0,0.1,0.1c0.1,0.1,0.2,0.1,0.2,0.2c0,0,0.1,0.1,0.1,0.1\n\tc0.1,0.1,0.1,0.2,0.2,0.2c0,0,0.1,0.1,0.1,0.1c0,0.1,0.1,0.2,0.1,0.3C265.9,116.3,265.9,116.3,265.9,116.4z M131.8,137.4L110,121\n\tv33.7l21.8,16.3V137.4z M157.8,121L136,137.4v33.7l21.8-16.3V121z M183.8,176.3L162,160v33.7l21.8,16.3V176.3z M209.8,160L188,176.3\n\tv33.7l21.8-16.3V160z M235.8,176.3L214,160v33.7l21.8,16.3V176.3z M260.4,155.8L236.6,138c-0.5-0.4-0.8-1-0.8-1.7s0.3-1.3,0.8-1.7\n\tl23.7-17.8L237.9,100l-24.7,18.5c0,0,0,0,0,0c-0.2,0.1-0.3,0.2-0.5,0.3c0,0-0.1,0-0.1,0c-0.2,0.1-0.4,0.1-0.6,0.1s-0.4,0-0.6-0.1\n\tc0,0-0.1,0-0.1,0c-0.2-0.1-0.4-0.2-0.5-0.3c0,0,0,0,0,0l-26-19.5c-0.5-0.4-0.8-1-0.8-1.7s0.3-1.3,0.8-1.7l23.7-17.8L185.9,61\n\tl-74.5,55.8l22.5,16.9l24.7-18.5c0,0,0,0,0,0c0.2-0.1,0.3-0.2,0.5-0.3c0,0,0.1,0,0.1,0c0.2-0.1,0.4-0.1,0.6-0.1s0.4,0,0.6,0.1\n\tc0,0,0.1,0,0.1,0c0.2,0.1,0.4,0.2,0.5,0.3c0,0,0,0,0,0l26,19.5c0.5,0.4,0.8,1,0.8,1.7s-0.3,1.3-0.8,1.7l-23.7,17.8l22.5,16.9\n\tl24.7-18.5c0,0,0,0,0,0c0.2-0.1,0.3-0.2,0.5-0.3c0,0,0.1,0,0.1,0c0.2-0.1,0.4-0.1,0.6-0.1s0.4,0,0.6,0.1c0,0,0.1,0,0.1,0\n\tc0.2,0.1,0.4,0.2,0.5,0.3c0,0,0,0,0,0l24.7,18.5L260.4,155.8z M182.4,136.3L162,121v30.6L182.4,136.3z M189.4,97.3l20.4,15.3V82.1\n\tL189.4,97.3z M261.8,160L240,176.3v33.7l21.8-16.3V160z M261.8,121l-20.4,15.3l20.4,15.3V121z\" /\u003e\n            \u003c/svg\u003e\n        \u003c/div\u003e\n        \u003cdiv\u003e\n            \u003ch1\u003eWelcome to harrison.ai!\u003c/h1\u003e\n        \u003c/div\u003e\n    \u003c/div\u003e\n\u003c/body\u003e\n\n\u003c/html\u003e\n"
            },
            "id": "harrison/html-config-map",
            "metadata": [
              {
                "annotations": {},
                "generate_name": "",
                "generation": 0,
                "labels": {},
                "name": "html-config-map",
                "namespace": "harrison",
                "resource_version": "23630",
                "uid": "6b23fd41-088e-4c17-8064-e4dd261bdc4a"
              }
            ]
          },
          "sensitive_attributes": [],
          "private": "bnVsbA==",
          "dependencies": [
            "kubernetes_namespace.main"
          ]
        }
      ]
    },
    {
      "mode": "managed",
      "type": "kubernetes_deployment",
      "name": "nginx",
      "provider": "provider[\"registry.terraform.io/hashicorp/kubernetes\"]",
      "instances": [
        {
          "schema_version": 1,
          "attributes": {
            "id": "harrison/harrison-task",
            "metadata": [
              {
                "annotations": {},
                "generate_name": "",
                "generation": 2,
                "labels": {},
                "name": "harrison-task",
                "namespace": "harrison",
                "resource_version": "25755",
                "uid": "3b9ebeeb-1edf-4e13-9670-97b0f5df4984"
              }
            ],
            "spec": [
              {
                "min_ready_seconds": 0,
                "paused": false,
                "progress_deadline_seconds": 600,
                "replicas": "2",
                "revision_history_limit": 10,
                "selector": [
                  {
                    "match_expressions": [],
                    "match_labels": {
                      "app": "nginx"
                    }
                  }
                ],
                "strategy": [
                  {
                    "rolling_update": [
                      {
                        "max_surge": "25%",
                        "max_unavailable": "25%"
                      }
                    ],
                    "type": "RollingUpdate"
                  }
                ],
                "template": [
                  {
                    "metadata": [
                      {
                        "annotations": {},
                        "generate_name": "",
                        "generation": 0,
                        "labels": {
                          "app": "nginx"
                        },
                        "name": "",
                        "namespace": "",
                        "resource_version": "",
                        "uid": ""
                      }
                    ],
                    "spec": [
                      {
                        "active_deadline_seconds": 0,
                        "affinity": [],
                        "automount_service_account_token": true,
                        "container": [
                          {
                            "args": [],
                            "command": [],
                            "env": [],
                            "env_from": [],
                            "image": "nginx:1.21.1",
                            "image_pull_policy": "Always",
                            "lifecycle": [],
                            "liveness_probe": [],
                            "name": "nginx",
                            "port": [],
                            "readiness_probe": [],
                            "resources": [
                              {
                                "limits": null,
                                "requests": null
                              }
                            ],
                            "security_context": [],
                            "startup_probe": [],
                            "stdin": false,
                            "stdin_once": false,
                            "termination_message_path": "/dev/termination-log",
                            "termination_message_policy": "File",
                            "tty": false,
                            "volume_mount": [
                              {
                                "mount_path": "/usr/share/nginx/html",
                                "mount_propagation": "None",
                                "name": "html-volume",
                                "read_only": true,
                                "sub_path": ""
                              }
                            ],
                            "working_dir": ""
                          }
                        ],
                        "dns_config": [],
                        "dns_policy": "ClusterFirst",
                        "enable_service_links": true,
                        "host_aliases": [],
                        "host_ipc": false,
                        "host_network": false,
                        "host_pid": false,
                        "hostname": "",
                        "image_pull_secrets": [],
                        "init_container": [],
                        "node_name": "",
                        "node_selector": {},
                        "priority_class_name": "",
                        "readiness_gate": [],
                        "restart_policy": "Always",
                        "security_context": [],
                        "service_account_name": "",
                        "share_process_namespace": false,
                        "subdomain": "",
                        "termination_grace_period_seconds": 30,
                        "toleration": [],
                        "topology_spread_constraint": [],
                        "volume": [
                          {
                            "aws_elastic_block_store": [],
                            "azure_disk": [],
                            "azure_file": [],
                            "ceph_fs": [],
                            "cinder": [],
                            "config_map": [
                              {
                                "default_mode": "0644",
                                "items": [],
                                "name": "html-config-map",
                                "optional": false
                              }
                            ],
                            "csi": [],
                            "downward_api": [],
                            "empty_dir": [],
                            "fc": [],
                            "flex_volume": [],
                            "flocker": [],
                            "gce_persistent_disk": [],
                            "git_repo": [],
                            "glusterfs": [],
                            "host_path": [],
                            "iscsi": [],
                            "local": [],
                            "name": "html-volume",
                            "nfs": [],
                            "persistent_volume_claim": [],
                            "photon_persistent_disk": [],
                            "projected": [],
                            "quobyte": [],
                            "rbd": [],
                            "secret": [],
                            "vsphere_volume": []
                          }
                        ]
                      }
                    ]
                  }
                ]
              }
            ],
            "timeouts": null,
            "wait_for_rollout": true
          },
          "sensitive_attributes": [],
          "private": "eyJlMmJmYjczMC1lY2FhLTExZTYtOGY4OC0zNDM2M2JjN2M0YzAiOnsiY3JlYXRlIjo2MDAwMDAwMDAwMDAsImRlbGV0ZSI6NjAwMDAwMDAwMDAwLCJ1cGRhdGUiOjYwMDAwMDAwMDAwMH0sInNjaGVtYV92ZXJzaW9uIjoiMSJ9",
          "dependencies": [
            "kubernetes_config_map.main",
            "kubernetes_namespace.main"
          ]
        }
      ]
    },
    {
      "mode": "managed",
      "type": "kubernetes_ingress_v1",
      "name": "main",
      "provider": "provider[\"registry.terraform.io/hashicorp/kubernetes\"]",
      "instances": [
        {
          "schema_version": 0,
          "attributes": {
            "id": "harrison/harrison-task-ingress",
            "metadata": [
              {
                "annotations": null,
                "generate_name": "",
                "generation": 1,
                "labels": null,
                "name": "harrison-task-ingress",
                "namespace": "harrison",
                "resource_version": "26075",
                "uid": "47d2362f-7831-42fe-a7dc-e9b80de0c7a5"
              }
            ],
            "spec": [
              {
                "default_backend": [
                  {
                    "resource": [],
                    "service": [
                      {
                        "name": "hello-world-service",
                        "port": [
                          {
                            "name": 0,
                            "number": 8080
                          }
                        ]
                      }
                    ]
                  }
                ],
                "ingress_class_name": "nginx",
                "rule": [
                  {
                    "host": "harrisontask.com",
                    "http": [
                      {
                        "path": [
                          {
                            "backend": [
                              {
                                "resource": [],
                                "service": [
                                  {
                                    "name": "hello-world-service",
                                    "port": [
                                      {
                                        "name": 0,
                                        "number": 8080
                                      }
                                    ]
                                  }
                                ]
                              }
                            ],
                            "path": "/",
                            "path_type": "ImplementationSpecific"
                          }
                        ]
                      }
                    ]
                  }
                ],
                "tls": []
              }
            ],
            "status": [
              {
                "load_balancer": [
                  {
                    "ingress": []
                  }
                ]
              }
            ],
            "wait_for_load_balancer": null
          },
          "sensitive_attributes": [],
          "private": "bnVsbA==",
          "dependencies": [
            "kubernetes_namespace.main",
            "kubernetes_service_v1.main"
          ]
        }
      ]
    },
    {
      "mode": "managed",
      "type": "kubernetes_namespace",
      "name": "main",
      "provider": "provider[\"registry.terraform.io/hashicorp/kubernetes\"]",
      "instances": [
        {
          "schema_version": 0,
          "attributes": {
            "id": "harrison",
            "metadata": [
              {
                "annotations": {},
                "generate_name": "",
                "generation": 0,
                "labels": {},
                "name": "harrison",
                "resource_version": "23627",
                "uid": "8c88f21a-888b-438a-9596-654e2e7d1afc"
              }
            ],
            "timeouts": null
          },
          "sensitive_attributes": [],
          "private": "eyJlMmJmYjczMC1lY2FhLTExZTYtOGY4OC0zNDM2M2JjN2M0YzAiOnsiZGVsZXRlIjozMDAwMDAwMDAwMDB9fQ=="
        }
      ]
    },
    {
      "mode": "managed",
      "type": "kubernetes_service_v1",
      "name": "main",
      "provider": "provider[\"registry.terraform.io/hashicorp/kubernetes\"]",
      "instances": [
        {
          "schema_version": 1,
          "attributes": {
            "id": "harrison/hello-world-service",
            "metadata": [
              {
                "annotations": {},
                "generate_name": "",
                "generation": 0,
                "labels": {},
                "name": "hello-world-service",
                "namespace": "harrison",
                "resource_version": "23632",
                "uid": "75ae9753-84cf-405d-b860-6648189e4d16"
              }
            ],
            "spec": [
              {
                "cluster_ip": "10.108.50.65",
                "external_ips": [],
                "external_name": "",
                "external_traffic_policy": "",
                "health_check_node_port": 0,
                "load_balancer_ip": "",
                "load_balancer_source_ranges": [],
                "port": [
                  {
                    "name": "",
                    "node_port": 0,
                    "port": 80,
                    "protocol": "TCP",
                    "target_port": "80"
                  }
                ],
                "publish_not_ready_addresses": false,
                "selector": {
                  "app": "nginx"
                },
                "session_affinity": "None",
                "type": "ClusterIP"
              }
            ],
            "status": [
              {
                "load_balancer": [
                  {
                    "ingress": []
                  }
                ]
              }
            ],
            "timeouts": null,
            "wait_for_load_balancer": true
          },
          "sensitive_attributes": [],
          "private": "eyJlMmJmYjczMC1lY2FhLTExZTYtOGY4OC0zNDM2M2JjN2M0YzAiOnsiY3JlYXRlIjo2MDAwMDAwMDAwMDB9LCJzY2hlbWFfdmVyc2lvbiI6IjEifQ==",
          "dependencies": [
            "kubernetes_namespace.main"
          ]
        }
      ]
    }
  ],
  "check_results": null
}
